
Microsoft Visual Studio Solution File, Format Version 12.00
# Visual Studio Version 17
VisualStudioVersion = 17.0.31903.59
MinimumVisualStudioVersion = 10.0.40219.1
Project("{FAE04EC0-301F-11D3-BF4B-00C04F79EFBC}") = "src", "src\src.csproj", "{7CE10354-E6EE-4E32-B293-5E7F2CC4B663}"
EndProject
Project("{FAE04EC0-301F-11D3-BF4B-00C04F79EFBC}") = "tests", "tests\tests.csproj", "{FD5034ED-7C4F-4D97-9661-95051B21A663}"
EndProject
Global
	GlobalSection(SolutionConfigurationPlatforms) = preSolution
		Debug|Any CPU = Debug|Any CPU
		Debug|x64 = Debug|x64
		Debug|x86 = Debug|x86
		Release|Any CPU = Release|Any CPU
		Release|x64 = Release|x64
		Release|x86 = Release|x86
	EndGlobalSection
	GlobalSection(ProjectConfigurationPlatforms) = postSolution
		{7CE10354-E6EE-4E32-B293-5E7F2CC4B663}.Debug|Any CPU.ActiveCfg = Debug|Any CPU
		{7CE10354-E6EE-4E32-B293-5E7F2CC4B663}.Debug|Any CPU.Build.0 = Debug|Any CPU
		{7CE10354-E6EE-4E32-B293-5E7F2CC4B663}.Debug|x64.ActiveCfg = Debug|Any CPU
		{7CE10354-E6EE-4E32-B293-5E7F2CC4B663}.Debug|x64.Build.0 = Debug|Any CPU
		{7CE10354-E6EE-4E32-B293-5E7F2CC4B663}.Debug|x86.ActiveCfg = Debug|Any CPU
		{7CE10354-E6EE-4E32-B293-5E7F2CC4B663}.Debug|x86.Build.0 = Debug|Any CPU
		{7CE10354-E6EE-4E32-B293-5E7F2CC4B663}.Release|Any CPU.ActiveCfg = Release|Any CPU
		{7CE10354-E6EE-4E32-B293-5E7F2CC4B663}.Release|Any CPU.Build.0 = Release|Any CPU
		{7CE10354-E6EE-4E32-B293-5E7F2CC4B663}.Release|x64.ActiveCfg = Release|Any CPU
		{7CE10354-E6EE-4E32-B293-5E7F2CC4B663}.Release|x64.Build.0 = Release|Any CPU
		{7CE10354-E6EE-4E32-B293-5E7F2CC4B663}.Release|x86.ActiveCfg = Release|Any CPU
		{7CE10354-E6EE-4E32-B293-5E7F2CC4B663}.Release|x86.Build.0 = Release|Any CPU
		{FD5034ED-7C4F-4D97-9661-95051B21A663}.Debug|Any CPU.ActiveCfg = Debug|Any CPU
		{FD5034ED-7C4F-4D97-9661-95051B21A663}.Debug|Any CPU.Build.0 = Debug|Any CPU
		{FD5034ED-7C4F-4D97-9661-95051B21A663}.Debug|x64.ActiveCfg = Debug|Any CPU
		{FD5034ED-7C4F-4D97-9661-95051B21A663}.Debug|x64.Build.0 = Debug|Any CPU
		{FD5034ED-7C4F-4D97-9661-95051B21A663}.Debug|x86.ActiveCfg = Debug|Any CPU
		{FD5034ED-7C4F-4D97-9661-95051B21A663}.Debug|x86.Build.0 = Debug|Any CPU
		{FD5034ED-7C4F-4D97-9661-95051B21A663}.Release|Any CPU.ActiveCfg = Release|Any CPU
		{FD5034ED-7C4F-4D97-9661-95051B21A663}.Release|Any CPU.Build.0 = Release|Any CPU
		{FD5034ED-7C4F-4D97-9661-95051B21A663}.Release|x64.ActiveCfg = Release|Any CPU
		{FD5034ED-7C4F-4D97-9661-95051B21A663}.Release|x64.Build.0 = Release|Any CPU
		{FD5034ED-7C4F-4D97-9661-95051B21A663}.Release|x86.ActiveCfg = Release|Any CPU
		{FD5034ED-7C4F-4D97-9661-95051B21A663}.Release|x86.Build.0 = Release|Any CPU
	EndGlobalSection
	GlobalSection(SolutionProperties) = preSolution
		HideSolutionNode = FALSE
	EndGlobalSection
EndGlobal
