
Microsoft Visual Studio Solution File, Format Version 12.00
# Visual Studio Version 17
VisualStudioVersion = 17.0.31903.59
MinimumVisualStudioVersion = 10.0.40219.1
Project("{FAE04EC0-301F-11D3-BF4B-00C04F79EFBC}") = "src", "src\src.csproj", "{1EEF20FA-7012-40FB-94D5-5FFC5420690E}"
EndProject
Project("{FAE04EC0-301F-11D3-BF4B-00C04F79EFBC}") = "tests", "tests\tests.csproj", "{E6E3D061-5118-4F48-A2DA-63CC87EF8DE9}"
EndProject
Global
	GlobalSection(SolutionConfigurationPlatforms) = preSolution
		Debug|Any CPU = Debug|Any CPU
		Debug|x64 = Debug|x64
		Debug|x86 = Debug|x86
		Release|Any CPU = Release|Any CPU
		Release|x64 = Release|x64
		Release|x86 = Release|x86
	EndGlobalSection
	GlobalSection(ProjectConfigurationPlatforms) = postSolution
		{1EEF20FA-7012-40FB-94D5-5FFC5420690E}.Debug|Any CPU.ActiveCfg = Debug|Any CPU
		{1EEF20FA-7012-40FB-94D5-5FFC5420690E}.Debug|Any CPU.Build.0 = Debug|Any CPU
		{1EEF20FA-7012-40FB-94D5-5FFC5420690E}.Debug|x64.ActiveCfg = Debug|Any CPU
		{1EEF20FA-7012-40FB-94D5-5FFC5420690E}.Debug|x64.Build.0 = Debug|Any CPU
		{1EEF20FA-7012-40FB-94D5-5FFC5420690E}.Debug|x86.ActiveCfg = Debug|Any CPU
		{1EEF20FA-7012-40FB-94D5-5FFC5420690E}.Debug|x86.Build.0 = Debug|Any CPU
		{1EEF20FA-7012-40FB-94D5-5FFC5420690E}.Release|Any CPU.ActiveCfg = Release|Any CPU
		{1EEF20FA-7012-40FB-94D5-5FFC5420690E}.Release|Any CPU.Build.0 = Release|Any CPU
		{1EEF20FA-7012-40FB-94D5-5FFC5420690E}.Release|x64.ActiveCfg = Release|Any CPU
		{1EEF20FA-7012-40FB-94D5-5FFC5420690E}.Release|x64.Build.0 = Release|Any CPU
		{1EEF20FA-7012-40FB-94D5-5FFC5420690E}.Release|x86.ActiveCfg = Release|Any CPU
		{1EEF20FA-7012-40FB-94D5-5FFC5420690E}.Release|x86.Build.0 = Release|Any CPU
		{E6E3D061-5118-4F48-A2DA-63CC87EF8DE9}.Debug|Any CPU.ActiveCfg = Debug|Any CPU
		{E6E3D061-5118-4F48-A2DA-63CC87EF8DE9}.Debug|Any CPU.Build.0 = Debug|Any CPU
		{E6E3D061-5118-4F48-A2DA-63CC87EF8DE9}.Debug|x64.ActiveCfg = Debug|Any CPU
		{E6E3D061-5118-4F48-A2DA-63CC87EF8DE9}.Debug|x64.Build.0 = Debug|Any CPU
		{E6E3D061-5118-4F48-A2DA-63CC87EF8DE9}.Debug|x86.ActiveCfg = Debug|Any CPU
		{E6E3D061-5118-4F48-A2DA-63CC87EF8DE9}.Debug|x86.Build.0 = Debug|Any CPU
		{E6E3D061-5118-4F48-A2DA-63CC87EF8DE9}.Release|Any CPU.ActiveCfg = Release|Any CPU
		{E6E3D061-5118-4F48-A2DA-63CC87EF8DE9}.Release|Any CPU.Build.0 = Release|Any CPU
		{E6E3D061-5118-4F48-A2DA-63CC87EF8DE9}.Release|x64.ActiveCfg = Release|Any CPU
		{E6E3D061-5118-4F48-A2DA-63CC87EF8DE9}.Release|x64.Build.0 = Release|Any CPU
		{E6E3D061-5118-4F48-A2DA-63CC87EF8DE9}.Release|x86.ActiveCfg = Release|Any CPU
		{E6E3D061-5118-4F48-A2DA-63CC87EF8DE9}.Release|x86.Build.0 = Release|Any CPU
	EndGlobalSection
	GlobalSection(SolutionProperties) = preSolution
		HideSolutionNode = FALSE
	EndGlobalSection
EndGlobal
